// !$*UTF8*$!
{
	archiveVersion = 1;
	classes = {
	};
	objectVersion = 46;
	objects = {

/* Begin PBXBuildFile section */
		D3A3C8DA1B477E7F002563DD /* AppDelegate.swift in Sources */ = {isa = PBXBuildFile; fileRef = D3A3C8D91B477E7F002563DD /* AppDelegate.swift */; };
		D3A3C8DC1B477E7F002563DD /* ViewController.swift in Sources */ = {isa = PBXBuildFile; fileRef = D3A3C8DB1B477E7F002563DD /* ViewController.swift */; };
		D3A3C8DF1B477E7F002563DD /* Main.storyboard in Resources */ = {isa = PBXBuildFile; fileRef = D3A3C8DD1B477E7F002563DD /* Main.storyboard */; };
		D3A3C8E11B477E7F002563DD /* Images.xcassets in Resources */ = {isa = PBXBuildFile; fileRef = D3A3C8E01B477E7F002563DD /* Images.xcassets */; };
		D3A3C8E41B477E7F002563DD /* LaunchScreen.xib in Resources */ = {isa = PBXBuildFile; fileRef = D3A3C8E21B477E7F002563DD /* LaunchScreen.xib */; };
		D3A3C8F01B477E7F002563DD /* ttlTests.swift in Sources */ = {isa = PBXBuildFile; fileRef = D3A3C8EF1B477E7F002563DD /* ttlTests.swift */; };
		D3A3C9031B477EC6002563DD /* InterfaceController.swift in Sources */ = {isa = PBXBuildFile; fileRef = D3A3C9021B477EC6002563DD /* InterfaceController.swift */; };
		D3A3C9051B477EC6002563DD /* NotificationController.swift in Sources */ = {isa = PBXBuildFile; fileRef = D3A3C9041B477EC6002563DD /* NotificationController.swift */; };
		D3A3C9071B477EC6002563DD /* Images.xcassets in Resources */ = {isa = PBXBuildFile; fileRef = D3A3C9061B477EC6002563DD /* Images.xcassets */; };
		D3A3C9131B477EC7002563DD /* Interface.storyboard in Resources */ = {isa = PBXBuildFile; fileRef = D3A3C9111B477EC7002563DD /* Interface.storyboard */; };
		D3A3C9151B477EC7002563DD /* Images.xcassets in Resources */ = {isa = PBXBuildFile; fileRef = D3A3C9141B477EC7002563DD /* Images.xcassets */; };
		D3B358DF1B48F6D300B78940 /* ttl WatchKit Extension.appex in Embed App Extensions */ = {isa = PBXBuildFile; fileRef = D3A3C8FD1B477EC6002563DD /* ttl WatchKit Extension.appex */; settings = {ATTRIBUTES = (RemoveHeadersOnCopy, ); }; };
		D3B358E21B48F6D300B78940 /* ttl WatchKit App.app in Embed Watch Content */ = {isa = PBXBuildFile; fileRef = D3A3C90A1B477EC7002563DD /* ttl WatchKit App.app */; };
/* End PBXBuildFile section */

/* Begin PBXContainerItemProxy section */
		D3A3C8EA1B477E7F002563DD /* PBXContainerItemProxy */ = {
			isa = PBXContainerItemProxy;
			containerPortal = D3A3C8CC1B477E7F002563DD /* Project object */;
			proxyType = 1;
			remoteGlobalIDString = D3A3C8D31B477E7F002563DD;
			remoteInfo = ttl;
		};
		D3B358DD1B48F6D300B78940 /* PBXContainerItemProxy */ = {
			isa = PBXContainerItemProxy;
			containerPortal = D3A3C8CC1B477E7F002563DD /* Project object */;
			proxyType = 1;
			remoteGlobalIDString = D3A3C8FC1B477EC6002563DD;
			remoteInfo = "ttl WatchKit Extension";
		};
		D3B358E01B48F6D300B78940 /* PBXContainerItemProxy */ = {
			isa = PBXContainerItemProxy;
			containerPortal = D3A3C8CC1B477E7F002563DD /* Project object */;
			proxyType = 1;
			remoteGlobalIDString = D3A3C9091B477EC7002563DD;
			remoteInfo = "ttl WatchKit App";
		};
/* End PBXContainerItemProxy section */

/* Begin PBXCopyFilesBuildPhase section */
		D3B358E31B48F6D300B78940 /* Embed App Extensions */ = {
			isa = PBXCopyFilesBuildPhase;
			buildActionMask = 2147483647;
			dstPath = "";
			dstSubfolderSpec = 13;
			files = (
				D3B358DF1B48F6D300B78940 /* ttl WatchKit Extension.appex in Embed App Extensions */,
			);
			name = "Embed App Extensions";
			runOnlyForDeploymentPostprocessing = 0;
		};
		D3B358E41B48F6D300B78940 /* Embed Watch Content */ = {
			isa = PBXCopyFilesBuildPhase;
			buildActionMask = 2147483647;
			dstPath = "$(CONTENTS_FOLDER_PATH)/Watch";
			dstSubfolderSpec = 16;
			files = (
				D3B358E21B48F6D300B78940 /* ttl WatchKit App.app in Embed Watch Content */,
			);
			name = "Embed Watch Content";
			runOnlyForDeploymentPostprocessing = 0;
		};
/* End PBXCopyFilesBuildPhase section */

/* Begin PBXFileReference section */
		D3A3C8D41B477E7F002563DD /* ttl.app */ = {isa = PBXFileReference; explicitFileType = wrapper.application; includeInIndex = 0; path = ttl.app; sourceTree = BUILT_PRODUCTS_DIR; };
		D3A3C8D81B477E7F002563DD /* Info.plist */ = {isa = PBXFileReference; lastKnownFileType = text.plist.xml; path = Info.plist; sourceTree = "<group>"; };
		D3A3C8D91B477E7F002563DD /* AppDelegate.swift */ = {isa = PBXFileReference; lastKnownFileType = sourcecode.swift; path = AppDelegate.swift; sourceTree = "<group>"; };
		D3A3C8DB1B477E7F002563DD /* ViewController.swift */ = {isa = PBXFileReference; lastKnownFileType = sourcecode.swift; path = ViewController.swift; sourceTree = "<group>"; };
		D3A3C8DE1B477E7F002563DD /* Base */ = {isa = PBXFileReference; lastKnownFileType = file.storyboard; name = Base; path = Base.lproj/Main.storyboard; sourceTree = "<group>"; };
		D3A3C8E01B477E7F002563DD /* Images.xcassets */ = {isa = PBXFileReference; lastKnownFileType = folder.assetcatalog; path = Images.xcassets; sourceTree = "<group>"; };
		D3A3C8E31B477E7F002563DD /* Base */ = {isa = PBXFileReference; lastKnownFileType = file.xib; name = Base; path = Base.lproj/LaunchScreen.xib; sourceTree = "<group>"; };
		D3A3C8E91B477E7F002563DD /* ttlTests.xctest */ = {isa = PBXFileReference; explicitFileType = wrapper.cfbundle; includeInIndex = 0; path = ttlTests.xctest; sourceTree = BUILT_PRODUCTS_DIR; };
		D3A3C8EE1B477E7F002563DD /* Info.plist */ = {isa = PBXFileReference; lastKnownFileType = text.plist.xml; path = Info.plist; sourceTree = "<group>"; };
		D3A3C8EF1B477E7F002563DD /* ttlTests.swift */ = {isa = PBXFileReference; lastKnownFileType = sourcecode.swift; path = ttlTests.swift; sourceTree = "<group>"; };
		D3A3C8FD1B477EC6002563DD /* ttl WatchKit Extension.appex */ = {isa = PBXFileReference; explicitFileType = "wrapper.app-extension"; includeInIndex = 0; path = "ttl WatchKit Extension.appex"; sourceTree = BUILT_PRODUCTS_DIR; };
		D3A3C9001B477EC6002563DD /* Info.plist */ = {isa = PBXFileReference; lastKnownFileType = text.plist.xml; path = Info.plist; sourceTree = "<group>"; };
		D3A3C9011B477EC6002563DD /* PushNotificationPayload.apns */ = {isa = PBXFileReference; lastKnownFileType = text; path = PushNotificationPayload.apns; sourceTree = "<group>"; };
		D3A3C9021B477EC6002563DD /* InterfaceController.swift */ = {isa = PBXFileReference; lastKnownFileType = sourcecode.swift; path = InterfaceController.swift; sourceTree = "<group>"; };
		D3A3C9041B477EC6002563DD /* NotificationController.swift */ = {isa = PBXFileReference; lastKnownFileType = sourcecode.swift; path = NotificationController.swift; sourceTree = "<group>"; };
		D3A3C9061B477EC6002563DD /* Images.xcassets */ = {isa = PBXFileReference; lastKnownFileType = folder.assetcatalog; path = Images.xcassets; sourceTree = "<group>"; };
		D3A3C90A1B477EC7002563DD /* ttl WatchKit App.app */ = {isa = PBXFileReference; explicitFileType = wrapper.application; includeInIndex = 0; path = "ttl WatchKit App.app"; sourceTree = BUILT_PRODUCTS_DIR; };
		D3A3C9101B477EC7002563DD /* Info.plist */ = {isa = PBXFileReference; lastKnownFileType = text.plist.xml; path = Info.plist; sourceTree = "<group>"; };
		D3A3C9121B477EC7002563DD /* Base */ = {isa = PBXFileReference; lastKnownFileType = file.storyboard; name = Base; path = Base.lproj/Interface.storyboard; sourceTree = "<group>"; };
		D3A3C9141B477EC7002563DD /* Images.xcassets */ = {isa = PBXFileReference; lastKnownFileType = folder.assetcatalog; path = Images.xcassets; sourceTree = "<group>"; };
/* End PBXFileReference section */

/* Begin PBXFrameworksBuildPhase section */
		D3A3C8D11B477E7F002563DD /* Frameworks */ = {
			isa = PBXFrameworksBuildPhase;
			buildActionMask = 2147483647;
			files = (
			);
			runOnlyForDeploymentPostprocessing = 0;
		};
		D3A3C8E61B477E7F002563DD /* Frameworks */ = {
			isa = PBXFrameworksBuildPhase;
			buildActionMask = 2147483647;
			files = (
			);
			runOnlyForDeploymentPostprocessing = 0;
		};
		D3A3C8FA1B477EC6002563DD /* Frameworks */ = {
			isa = PBXFrameworksBuildPhase;
			buildActionMask = 2147483647;
			files = (
			);
			runOnlyForDeploymentPostprocessing = 0;
		};
/* End PBXFrameworksBuildPhase section */

/* Begin PBXGroup section */
		D3A3C8CB1B477E7F002563DD = {
			isa = PBXGroup;
			children = (
				D3A3C8D61B477E7F002563DD /* ttl */,
				D3A3C8EC1B477E7F002563DD /* ttlTests */,
				D3A3C8FE1B477EC6002563DD /* ttl WatchKit Extension */,
				D3A3C90E1B477EC7002563DD /* ttl WatchKit App */,
				D3A3C8D51B477E7F002563DD /* Products */,
			);
			sourceTree = "<group>";
		};
		D3A3C8D51B477E7F002563DD /* Products */ = {
			isa = PBXGroup;
			children = (
				D3A3C8D41B477E7F002563DD /* ttl.app */,
				D3A3C8E91B477E7F002563DD /* ttlTests.xctest */,
				D3A3C8FD1B477EC6002563DD /* ttl WatchKit Extension.appex */,
				D3A3C90A1B477EC7002563DD /* ttl WatchKit App.app */,
			);
			name = Products;
			sourceTree = "<group>";
		};
		D3A3C8D61B477E7F002563DD /* ttl */ = {
			isa = PBXGroup;
			children = (
				D3A3C8D91B477E7F002563DD /* AppDelegate.swift */,
				D3A3C8DB1B477E7F002563DD /* ViewController.swift */,
				D3A3C8DD1B477E7F002563DD /* Main.storyboard */,
				D3A3C8E01B477E7F002563DD /* Images.xcassets */,
				D3A3C8E21B477E7F002563DD /* LaunchScreen.xib */,
				D3A3C8D71B477E7F002563DD /* Supporting Files */,
			);
			path = ttl;
			sourceTree = "<group>";
		};
		D3A3C8D71B477E7F002563DD /* Supporting Files */ = {
			isa = PBXGroup;
			children = (
				D3A3C8D81B477E7F002563DD /* Info.plist */,
			);
			name = "Supporting Files";
			sourceTree = "<group>";
		};
		D3A3C8EC1B477E7F002563DD /* ttlTests */ = {
			isa = PBXGroup;
			children = (
				D3A3C8EF1B477E7F002563DD /* ttlTests.swift */,
				D3A3C8ED1B477E7F002563DD /* Supporting Files */,
			);
			path = ttlTests;
			sourceTree = "<group>";
		};
		D3A3C8ED1B477E7F002563DD /* Supporting Files */ = {
			isa = PBXGroup;
			children = (
				D3A3C8EE1B477E7F002563DD /* Info.plist */,
			);
			name = "Supporting Files";
			sourceTree = "<group>";
		};
		D3A3C8FE1B477EC6002563DD /* ttl WatchKit Extension */ = {
			isa = PBXGroup;
			children = (
				D3A3C9021B477EC6002563DD /* InterfaceController.swift */,
				D3A3C9041B477EC6002563DD /* NotificationController.swift */,
				D3A3C9061B477EC6002563DD /* Images.xcassets */,
				D3A3C8FF1B477EC6002563DD /* Supporting Files */,
			);
			path = "ttl WatchKit Extension";
			sourceTree = "<group>";
		};
		D3A3C8FF1B477EC6002563DD /* Supporting Files */ = {
			isa = PBXGroup;
			children = (
				D3A3C9001B477EC6002563DD /* Info.plist */,
				D3A3C9011B477EC6002563DD /* PushNotificationPayload.apns */,
			);
			name = "Supporting Files";
			sourceTree = "<group>";
		};
		D3A3C90E1B477EC7002563DD /* ttl WatchKit App */ = {
			isa = PBXGroup;
			children = (
				D3A3C9111B477EC7002563DD /* Interface.storyboard */,
				D3A3C9141B477EC7002563DD /* Images.xcassets */,
				D3A3C90F1B477EC7002563DD /* Supporting Files */,
			);
			path = "ttl WatchKit App";
			sourceTree = "<group>";
		};
		D3A3C90F1B477EC7002563DD /* Supporting Files */ = {
			isa = PBXGroup;
			children = (
				D3A3C9101B477EC7002563DD /* Info.plist */,
			);
			name = "Supporting Files";
			sourceTree = "<group>";
		};
/* End PBXGroup section */

/* Begin PBXNativeTarget section */
		D3A3C8D31B477E7F002563DD /* ttl */ = {
			isa = PBXNativeTarget;
			buildConfigurationList = D3A3C8F31B477E7F002563DD /* Build configuration list for PBXNativeTarget "ttl" */;
			buildPhases = (
				D3A3C8D01B477E7F002563DD /* Sources */,
				D3A3C8D11B477E7F002563DD /* Frameworks */,
				D3A3C8D21B477E7F002563DD /* Resources */,
				D3B358E41B48F6D300B78940 /* Embed Watch Content */,
			);
			buildRules = (
			);
			dependencies = (
				D3B358E11B48F6D300B78940 /* PBXTargetDependency */,
			);
			name = ttl;
			productName = ttl;
			productReference = D3A3C8D41B477E7F002563DD /* ttl.app */;
			productType = "com.apple.product-type.application";
		};
		D3A3C8E81B477E7F002563DD /* ttlTests */ = {
			isa = PBXNativeTarget;
			buildConfigurationList = D3A3C8F61B477E7F002563DD /* Build configuration list for PBXNativeTarget "ttlTests" */;
			buildPhases = (
				D3A3C8E51B477E7F002563DD /* Sources */,
				D3A3C8E61B477E7F002563DD /* Frameworks */,
				D3A3C8E71B477E7F002563DD /* Resources */,
			);
			buildRules = (
			);
			dependencies = (
				D3A3C8EB1B477E7F002563DD /* PBXTargetDependency */,
			);
			name = ttlTests;
			productName = ttlTests;
			productReference = D3A3C8E91B477E7F002563DD /* ttlTests.xctest */;
			productType = "com.apple.product-type.bundle.unit-test";
		};
		D3A3C8FC1B477EC6002563DD /* ttl WatchKit Extension */ = {
			isa = PBXNativeTarget;
			buildConfigurationList = D3A3C91C1B477EC7002563DD /* Build configuration list for PBXNativeTarget "ttl WatchKit Extension" */;
			buildPhases = (
				D3A3C8F91B477EC6002563DD /* Sources */,
				D3A3C8FA1B477EC6002563DD /* Frameworks */,
				D3A3C8FB1B477EC6002563DD /* Resources */,
			);
			buildRules = (
			);
			dependencies = (
			);
			name = "ttl WatchKit Extension";
			productName = "ttl WatchKit Extension";
			productReference = D3A3C8FD1B477EC6002563DD /* ttl WatchKit Extension.appex */;
			productType = "com.apple.product-type.watchkit2-extension";
		};
		D3A3C9091B477EC7002563DD /* ttl WatchKit App */ = {
			isa = PBXNativeTarget;
			buildConfigurationList = D3A3C9191B477EC7002563DD /* Build configuration list for PBXNativeTarget "ttl WatchKit App" */;
			buildPhases = (
				D3A3C9081B477EC7002563DD /* Resources */,
				D3B358E31B48F6D300B78940 /* Embed App Extensions */,
			);
			buildRules = (
			);
			dependencies = (
				D3B358DE1B48F6D300B78940 /* PBXTargetDependency */,
			);
			name = "ttl WatchKit App";
			productName = "ttl WatchKit App";
			productReference = D3A3C90A1B477EC7002563DD /* ttl WatchKit App.app */;
			productType = "com.apple.product-type.application.watchapp2";
		};
/* End PBXNativeTarget section */

/* Begin PBXProject section */
		D3A3C8CC1B477E7F002563DD /* Project object */ = {
			isa = PBXProject;
			attributes = {
				LastSwiftUpdateCheck = 0700;
				LastUpgradeCheck = 0700;
				ORGANIZATIONNAME = "Greg McNutt";
				TargetAttributes = {
					D3A3C8D31B477E7F002563DD = {
						CreatedOnToolsVersion = 6.4;
					};
					D3A3C8E81B477E7F002563DD = {
						CreatedOnToolsVersion = 6.4;
						TestTargetID = D3A3C8D31B477E7F002563DD;
					};
					D3A3C8FC1B477EC6002563DD = {
						CreatedOnToolsVersion = 6.4;
					};
					D3A3C9091B477EC7002563DD = {
						CreatedOnToolsVersion = 6.4;
						DevelopmentTeam = ZFJ4RM7VL4;
					};
				};
			};
			buildConfigurationList = D3A3C8CF1B477E7F002563DD /* Build configuration list for PBXProject "ttl" */;
			compatibilityVersion = "Xcode 3.2";
			developmentRegion = English;
			hasScannedForEncodings = 0;
			knownRegions = (
				en,
				Base,
			);
			mainGroup = D3A3C8CB1B477E7F002563DD;
			productRefGroup = D3A3C8D51B477E7F002563DD /* Products */;
			projectDirPath = "";
			projectRoot = "";
			targets = (
				D3A3C8D31B477E7F002563DD /* ttl */,
				D3A3C8E81B477E7F002563DD /* ttlTests */,
				D3A3C8FC1B477EC6002563DD /* ttl WatchKit Extension */,
				D3A3C9091B477EC7002563DD /* ttl WatchKit App */,
			);
		};
/* End PBXProject section */

/* Begin PBXResourcesBuildPhase section */
		D3A3C8D21B477E7F002563DD /* Resources */ = {
			isa = PBXResourcesBuildPhase;
			buildActionMask = 2147483647;
			files = (
				D3A3C8DF1B477E7F002563DD /* Main.storyboard in Resources */,
				D3A3C8E41B477E7F002563DD /* LaunchScreen.xib in Resources */,
				D3A3C8E11B477E7F002563DD /* Images.xcassets in Resources */,
			);
			runOnlyForDeploymentPostprocessing = 0;
		};
		D3A3C8E71B477E7F002563DD /* Resources */ = {
			isa = PBXResourcesBuildPhase;
			buildActionMask = 2147483647;
			files = (
			);
			runOnlyForDeploymentPostprocessing = 0;
		};
		D3A3C8FB1B477EC6002563DD /* Resources */ = {
			isa = PBXResourcesBuildPhase;
			buildActionMask = 2147483647;
			files = (
				D3A3C9071B477EC6002563DD /* Images.xcassets in Resources */,
			);
			runOnlyForDeploymentPostprocessing = 0;
		};
		D3A3C9081B477EC7002563DD /* Resources */ = {
			isa = PBXResourcesBuildPhase;
			buildActionMask = 2147483647;
			files = (
				D3A3C9131B477EC7002563DD /* Interface.storyboard in Resources */,
				D3A3C9151B477EC7002563DD /* Images.xcassets in Resources */,
			);
			runOnlyForDeploymentPostprocessing = 0;
		};
/* End PBXResourcesBuildPhase section */

/* Begin PBXSourcesBuildPhase section */
		D3A3C8D01B477E7F002563DD /* Sources */ = {
			isa = PBXSourcesBuildPhase;
			buildActionMask = 2147483647;
			files = (
				D3A3C8DC1B477E7F002563DD /* ViewController.swift in Sources */,
				D3A3C8DA1B477E7F002563DD /* AppDelegate.swift in Sources */,
			);
			runOnlyForDeploymentPostprocessing = 0;
		};
		D3A3C8E51B477E7F002563DD /* Sources */ = {
			isa = PBXSourcesBuildPhase;
			buildActionMask = 2147483647;
			files = (
				D3A3C8F01B477E7F002563DD /* ttlTests.swift in Sources */,
			);
			runOnlyForDeploymentPostprocessing = 0;
		};
		D3A3C8F91B477EC6002563DD /* Sources */ = {
			isa = PBXSourcesBuildPhase;
			buildActionMask = 2147483647;
			files = (
				D3A3C9051B477EC6002563DD /* NotificationController.swift in Sources */,
				D3A3C9031B477EC6002563DD /* InterfaceController.swift in Sources */,
			);
			runOnlyForDeploymentPostprocessing = 0;
		};
/* End PBXSourcesBuildPhase section */

/* Begin PBXTargetDependency section */
		D3A3C8EB1B477E7F002563DD /* PBXTargetDependency */ = {
			isa = PBXTargetDependency;
			target = D3A3C8D31B477E7F002563DD /* ttl */;
			targetProxy = D3A3C8EA1B477E7F002563DD /* PBXContainerItemProxy */;
		};
		D3B358DE1B48F6D300B78940 /* PBXTargetDependency */ = {
			isa = PBXTargetDependency;
			target = D3A3C8FC1B477EC6002563DD /* ttl WatchKit Extension */;
			targetProxy = D3B358DD1B48F6D300B78940 /* PBXContainerItemProxy */;
		};
		D3B358E11B48F6D300B78940 /* PBXTargetDependency */ = {
			isa = PBXTargetDependency;
			target = D3A3C9091B477EC7002563DD /* ttl WatchKit App */;
			targetProxy = D3B358E01B48F6D300B78940 /* PBXContainerItemProxy */;
		};
/* End PBXTargetDependency section */

/* Begin PBXVariantGroup section */
		D3A3C8DD1B477E7F002563DD /* Main.storyboard */ = {
			isa = PBXVariantGroup;
			children = (
				D3A3C8DE1B477E7F002563DD /* Base */,
			);
			name = Main.storyboard;
			sourceTree = "<group>";
		};
		D3A3C8E21B477E7F002563DD /* LaunchScreen.xib */ = {
			isa = PBXVariantGroup;
			children = (
				D3A3C8E31B477E7F002563DD /* Base */,
			);
			name = LaunchScreen.xib;
			sourceTree = "<group>";
		};
		D3A3C9111B477EC7002563DD /* Interface.storyboard */ = {
			isa = PBXVariantGroup;
			children = (
				D3A3C9121B477EC7002563DD /* Base */,
			);
			name = Interface.storyboard;
			sourceTree = "<group>";
		};
/* End PBXVariantGroup section */

/* Begin XCBuildConfiguration section */
		D3A3C8F11B477E7F002563DD /* Debug */ = {
			isa = XCBuildConfiguration;
			buildSettings = {
				ALWAYS_SEARCH_USER_PATHS = NO;
				CLANG_CXX_LANGUAGE_STANDARD = "gnu++0x";
				CLANG_CXX_LIBRARY = "libc++";
				CLANG_ENABLE_MODULES = YES;
				CLANG_ENABLE_OBJC_ARC = YES;
				CLANG_WARN_BOOL_CONVERSION = YES;
				CLANG_WARN_CONSTANT_CONVERSION = YES;
				CLANG_WARN_DIRECT_OBJC_ISA_USAGE = YES_ERROR;
				CLANG_WARN_EMPTY_BODY = YES;
				CLANG_WARN_ENUM_CONVERSION = YES;
				CLANG_WARN_INT_CONVERSION = YES;
				CLANG_WARN_OBJC_ROOT_CLASS = YES_ERROR;
				CLANG_WARN_UNREACHABLE_CODE = YES;
				CLANG_WARN__DUPLICATE_METHOD_MATCH = YES;
				"CODE_SIGN_IDENTITY[sdk=iphoneos*]" = "iPhone Developer";
				COPY_PHASE_STRIP = NO;
				DEBUG_INFORMATION_FORMAT = "dwarf-with-dsym";
				ENABLE_STRICT_OBJC_MSGSEND = YES;
				ENABLE_TESTABILITY = YES;
				GCC_C_LANGUAGE_STANDARD = gnu99;
				GCC_DYNAMIC_NO_PIC = NO;
				GCC_NO_COMMON_BLOCKS = YES;
				GCC_OPTIMIZATION_LEVEL = 0;
				GCC_PREPROCESSOR_DEFINITIONS = (
					"DEBUG=1",
					"$(inherited)",
				);
				GCC_SYMBOLS_PRIVATE_EXTERN = NO;
				GCC_WARN_64_TO_32_BIT_CONVERSION = YES;
				GCC_WARN_ABOUT_RETURN_TYPE = YES_ERROR;
				GCC_WARN_UNDECLARED_SELECTOR = YES;
				GCC_WARN_UNINITIALIZED_AUTOS = YES_AGGRESSIVE;
				GCC_WARN_UNUSED_FUNCTION = YES;
				GCC_WARN_UNUSED_VARIABLE = YES;
				IPHONEOS_DEPLOYMENT_TARGET = 9.0;
				MTL_ENABLE_DEBUG_INFO = YES;
				ONLY_ACTIVE_ARCH = YES;
				SDKROOT = iphoneos;
				SWIFT_OPTIMIZATION_LEVEL = "-Onone";
				TARGETED_DEVICE_FAMILY = "1,2";
			};
			name = Debug;
		};
		D3A3C8F21B477E7F002563DD /* Release */ = {
			isa = XCBuildConfiguration;
			buildSettings = {
				ALWAYS_SEARCH_USER_PATHS = NO;
				CLANG_CXX_LANGUAGE_STANDARD = "gnu++0x";
				CLANG_CXX_LIBRARY = "libc++";
				CLANG_ENABLE_MODULES = YES;
				CLANG_ENABLE_OBJC_ARC = YES;
				CLANG_WARN_BOOL_CONVERSION = YES;
				CLANG_WARN_CONSTANT_CONVERSION = YES;
				CLANG_WARN_DIRECT_OBJC_ISA_USAGE = YES_ERROR;
				CLANG_WARN_EMPTY_BODY = YES;
				CLANG_WARN_ENUM_CONVERSION = YES;
				CLANG_WARN_INT_CONVERSION = YES;
				CLANG_WARN_OBJC_ROOT_CLASS = YES_ERROR;
				CLANG_WARN_UNREACHABLE_CODE = YES;
				CLANG_WARN__DUPLICATE_METHOD_MATCH = YES;
				"CODE_SIGN_IDENTITY[sdk=iphoneos*]" = "iPhone Developer";
				COPY_PHASE_STRIP = NO;
				DEBUG_INFORMATION_FORMAT = "dwarf-with-dsym";
				ENABLE_NS_ASSERTIONS = NO;
				ENABLE_STRICT_OBJC_MSGSEND = YES;
				GCC_C_LANGUAGE_STANDARD = gnu99;
				GCC_NO_COMMON_BLOCKS = YES;
				GCC_WARN_64_TO_32_BIT_CONVERSION = YES;
				GCC_WARN_ABOUT_RETURN_TYPE = YES_ERROR;
				GCC_WARN_UNDECLARED_SELECTOR = YES;
				GCC_WARN_UNINITIALIZED_AUTOS = YES_AGGRESSIVE;
				GCC_WARN_UNUSED_FUNCTION = YES;
				GCC_WARN_UNUSED_VARIABLE = YES;
				IPHONEOS_DEPLOYMENT_TARGET = 9.0;
				MTL_ENABLE_DEBUG_INFO = NO;
				SDKROOT = iphoneos;
				TARGETED_DEVICE_FAMILY = "1,2";
				VALIDATE_PRODUCT = YES;
			};
			name = Release;
		};
		D3A3C8F41B477E7F002563DD /* Debug */ = {
			isa = XCBuildConfiguration;
			buildSettings = {
				ASSETCATALOG_COMPILER_APPICON_NAME = AppIcon;
				INFOPLIST_FILE = ttl/Info.plist;
				LD_RUNPATH_SEARCH_PATHS = "$(inherited) @executable_path/Frameworks";
				PRODUCT_BUNDLE_IDENTIFIER = "com.accelero.$(PRODUCT_NAME:rfc1034identifier)";
				PRODUCT_NAME = "$(TARGET_NAME)";
			};
			name = Debug;
		};
		D3A3C8F51B477E7F002563DD /* Release */ = {
			isa = XCBuildConfiguration;
			buildSettings = {
				ASSETCATALOG_COMPILER_APPICON_NAME = AppIcon;
				INFOPLIST_FILE = ttl/Info.plist;
				LD_RUNPATH_SEARCH_PATHS = "$(inherited) @executable_path/Frameworks";
				PRODUCT_BUNDLE_IDENTIFIER = "com.accelero.$(PRODUCT_NAME:rfc1034identifier)";
				PRODUCT_NAME = "$(TARGET_NAME)";
			};
			name = Release;
		};
		D3A3C8F71B477E7F002563DD /* Debug */ = {
			isa = XCBuildConfiguration;
			buildSettings = {
				BUNDLE_LOADER = "$(TEST_HOST)";
				FRAMEWORK_SEARCH_PATHS = (
					"$(SDKROOT)/Developer/Library/Frameworks",
					"$(inherited)",
				);
				GCC_PREPROCESSOR_DEFINITIONS = (
					"DEBUG=1",
					"$(inherited)",
				);
				INFOPLIST_FILE = ttlTests/Info.plist;
				LD_RUNPATH_SEARCH_PATHS = "$(inherited) @executable_path/Frameworks @loader_path/Frameworks";
				PRODUCT_BUNDLE_IDENTIFIER = "com.accelero.$(PRODUCT_NAME:rfc1034identifier)";
				PRODUCT_NAME = "$(TARGET_NAME)";
				TEST_HOST = "$(BUILT_PRODUCTS_DIR)/ttl.app/ttl";
			};
			name = Debug;
		};
		D3A3C8F81B477E7F002563DD /* Release */ = {
			isa = XCBuildConfiguration;
			buildSettings = {
				BUNDLE_LOADER = "$(TEST_HOST)";
				FRAMEWORK_SEARCH_PATHS = (
					"$(SDKROOT)/Developer/Library/Frameworks",
					"$(inherited)",
				);
				INFOPLIST_FILE = ttlTests/Info.plist;
				LD_RUNPATH_SEARCH_PATHS = "$(inherited) @executable_path/Frameworks @loader_path/Frameworks";
				PRODUCT_BUNDLE_IDENTIFIER = "com.accelero.$(PRODUCT_NAME:rfc1034identifier)";
				PRODUCT_NAME = "$(TARGET_NAME)";
				TEST_HOST = "$(BUILT_PRODUCTS_DIR)/ttl.app/ttl";
			};
			name = Release;
		};
		D3A3C91A1B477EC7002563DD /* Debug */ = {
			isa = XCBuildConfiguration;
			buildSettings = {
				ASSETCATALOG_COMPILER_APPICON_NAME = AppIcon;
				CODE_SIGN_IDENTITY = "iPhone Developer";
				EMBEDDED_CONTENT_CONTAINS_SWIFT = YES;
				GCC_PREPROCESSOR_DEFINITIONS = (
					"DEBUG=1",
					"$(inherited)",
				);
				IBSC_MODULE = ttl_WatchKit_Extension;
				INFOPLIST_FILE = "ttl WatchKit App/Info.plist";
				PRODUCT_BUNDLE_IDENTIFIER = com.accelero.ttl.watchkitapp;
				PRODUCT_NAME = "$(TARGET_NAME)";
				SDKROOT = watchos;
				SKIP_INSTALL = YES;
				TARGETED_DEVICE_FAMILY = 4;
				WATCHOS_DEPLOYMENT_TARGET = 2.0;
			};
			name = Debug;
		};
		D3A3C91B1B477EC7002563DD /* Release */ = {
			isa = XCBuildConfiguration;
			buildSettings = {
				ASSETCATALOG_COMPILER_APPICON_NAME = AppIcon;
				CODE_SIGN_IDENTITY = "iPhone Developer";
				EMBEDDED_CONTENT_CONTAINS_SWIFT = YES;
				IBSC_MODULE = ttl_WatchKit_Extension;
				INFOPLIST_FILE = "ttl WatchKit App/Info.plist";
				PRODUCT_BUNDLE_IDENTIFIER = com.accelero.ttl.watchkitapp;
				PRODUCT_NAME = "$(TARGET_NAME)";
				SDKROOT = watchos;
				SKIP_INSTALL = YES;
				TARGETED_DEVICE_FAMILY = 4;
				WATCHOS_DEPLOYMENT_TARGET = 2.0;
			};
			name = Release;
		};
		D3A3C91D1B477EC7002563DD /* Debug */ = {
			isa = XCBuildConfiguration;
			buildSettings = {
				GCC_PREPROCESSOR_DEFINITIONS = (
					"DEBUG=1",
					"$(inherited)",
				);
				INFOPLIST_FILE = "ttl WatchKit Extension/Info.plist";
				LD_RUNPATH_SEARCH_PATHS = "$(inherited) @executable_path/Frameworks @executable_path/../../Frameworks";
				PRODUCT_BUNDLE_IDENTIFIER = com.accelero.ttl.watchkitapp.watchkitextension;
				PRODUCT_NAME = "${TARGET_NAME}";
				SDKROOT = watchos;
				SKIP_INSTALL = YES;
				TARGETED_DEVICE_FAMILY = 4;
				WATCHOS_DEPLOYMENT_TARGET = 2.0;
			};
			name = Debug;
		};
		D3A3C91E1B477EC7002563DD /* Release */ = {
			isa = XCBuildConfiguration;
			buildSettings = {
				INFOPLIST_FILE = "ttl WatchKit Extension/Info.plist";
				LD_RUNPATH_SEARCH_PATHS = "$(inherited) @executable_path/Frameworks @executable_path/../../Frameworks";
				PRODUCT_BUNDLE_IDENTIFIER = com.accelero.ttl.watchkitapp.watchkitextension;
				PRODUCT_NAME = "${TARGET_NAME}";
				SDKROOT = watchos;
				SKIP_INSTALL = YES;
				TARGETED_DEVICE_FAMILY = 4;
				WATCHOS_DEPLOYMENT_TARGET = 2.0;
			};
			name = Release;
		};
/* End XCBuildConfiguration section */

/* Begin XCConfigurationList section */
		D3A3C8CF1B477E7F002563DD /* Build configuration list for PBXProject "ttl" */ = {
			isa = XCConfigurationList;
			buildConfigurations = (
				D3A3C8F11B477E7F002563DD /* Debug */,
				D3A3C8F21B477E7F002563DD /* Release */,
			);
			defaultConfigurationIsVisible = 0;
			defaultConfigurationName = Release;
		};
		D3A3C8F31B477E7F002563DD /* Build configuration list for PBXNativeTarget "ttl" */ = {
			isa = XCConfigurationList;
			buildConfigurations = (
				D3A3C8F41B477E7F002563DD /* Debug */,
				D3A3C8F51B477E7F002563DD /* Release */,
			);
			defaultConfigurationIsVisible = 0;
			defaultConfigurationName = Release;
		};
		D3A3C8F61B477E7F002563DD /* Build configuration list for PBXNativeTarget "ttlTests" */ = {
			isa = XCConfigurationList;
			buildConfigurations = (
				D3A3C8F71B477E7F002563DD /* Debug */,
				D3A3C8F81B477E7F002563DD /* Release */,
			);
			defaultConfigurationIsVisible = 0;
			defaultConfigurationName = Release;
		};
		D3A3C9191B477EC7002563DD /* Build configuration list for PBXNativeTarget "ttl WatchKit App" */ = {
			isa = XCConfigurationList;
			buildConfigurations = (
				D3A3C91A1B477EC7002563DD /* Debug */,
				D3A3C91B1B477EC7002563DD /* Release */,
			);
			defaultConfigurationIsVisible = 0;
			defaultConfigurationName = Release;
		};
		D3A3C91C1B477EC7002563DD /* Build configuration list for PBXNativeTarget "ttl WatchKit Extension" */ = {
			isa = XCConfigurationList;
			buildConfigurations = (
				D3A3C91D1B477EC7002563DD /* Debug */,
				D3A3C91E1B477EC7002563DD /* Release */,
			);
			defaultConfigurationIsVisible = 0;
			defaultConfigurationName = Release;
		};
/* End XCConfigurationList section */
	};
	rootObject = D3A3C8CC1B477E7F002563DD /* Project object */;
}
