// !$*UTF8*$!
{
	archiveVersion = 1;
	classes = {
	};
	objectVersion = 46;
	objects = {

/* Begin PBXBuildFile section */
		D3A3C8DA1B477E7F002563DD /* AppDelegate.swift in Sources */ = {isa = PBXBuildFile; fileRef = D3A3C8D91B477E7F002563DD /* AppDelegate.swift */; };
		D3A3C8DC1B477E7F002563DD /* ViewController.swift in Sources */ = {isa = PBXBuildFile; fileRef = D3A3C8DB1B477E7F002563DD /* ViewController.swift */; };
		D3A3C8DF1B477E7F002563DD /* Main.storyboard in Resources */ = {isa = PBXBuildFile; fileRef = D3A3C8DD1B477E7F002563DD /* Main.storyboard */; };
		D3A3C8E11B477E7F002563DD /* Images.xcassets in Resources */ = {isa = PBXBuildFile; fileRef = D3A3C8E01B477E7F002563DD /* Images.xcassets */; };
		D3A3C8E41B477E7F002563DD /* LaunchScreen.xib in Resources */ = {isa = PBXBuildFile; fileRef = D3A3C8E21B477E7F002563DD /* LaunchScreen.xib */; };
		D3A3C8F01B477E7F002563DD /* ttlTests.swift in Sources */ = {isa = PBXBuildFile; fileRef = D3A3C8EF1B477E7F002563DD /* ttlTests.swift */; };
/* End PBXBuildFile section */

/* Begin PBXContainerItemProxy section */
		D3A3C8EA1B477E7F002563DD /* PBXContainerItemProxy */ = {
			isa = PBXContainerItemProxy;
			containerPortal = D3A3C8CC1B477E7F002563DD /* Project object */;
			proxyType = 1;
			remoteGlobalIDString = D3A3C8D31B477E7F002563DD;
			remoteInfo = ttl;
		};
/* End PBXContainerItemProxy section */

/* Begin PBXFileReference section */
		D3A3C8D41B477E7F002563DD /* ttl.app */ = {isa = PBXFileReference; explicitFileType = wrapper.application; includeInIndex = 0; path = ttl.app; sourceTree = BUILT_PRODUCTS_DIR; };
		D3A3C8D81B477E7F002563DD /* Info.plist */ = {isa = PBXFileReference; lastKnownFileType = text.plist.xml; path = Info.plist; sourceTree = "<group>"; };
		D3A3C8D91B477E7F002563DD /* AppDelegate.swift */ = {isa = PBXFileReference; lastKnownFileType = sourcecode.swift; path = AppDelegate.swift; sourceTree = "<group>"; };
		D3A3C8DB1B477E7F002563DD /* ViewController.swift */ = {isa = PBXFileReference; lastKnownFileType = sourcecode.swift; path = ViewController.swift; sourceTree = "<group>"; };
		D3A3C8DE1B477E7F002563DD /* Base */ = {isa = PBXFileReference; lastKnownFileType = file.storyboard; name = Base; path = Base.lproj/Main.storyboard; sourceTree = "<group>"; };
		D3A3C8E01B477E7F002563DD /* Images.xcassets */ = {isa = PBXFileReference; lastKnownFileType = folder.assetcatalog; path = Images.xcassets; sourceTree = "<group>"; };
		D3A3C8E31B477E7F002563DD /* Base */ = {isa = PBXFileReference; lastKnownFileType = file.xib; name = Base; path = Base.lproj/LaunchScreen.xib; sourceTree = "<group>"; };
		D3A3C8E91B477E7F002563DD /* ttlTests.xctest */ = {isa = PBXFileReference; explicitFileType = wrapper.cfbundle; includeInIndex = 0; path = ttlTests.xctest; sourceTree = BUILT_PRODUCTS_DIR; };
		D3A3C8EE1B477E7F002563DD /* Info.plist */ = {isa = PBXFileReference; lastKnownFileType = text.plist.xml; path = Info.plist; sourceTree = "<group>"; };
		D3A3C8EF1B477E7F002563DD /* ttlTests.swift */ = {isa = PBXFileReference; lastKnownFileType = sourcecode.swift; path = ttlTests.swift; sourceTree = "<group>"; };
/* End PBXFileReference section */

/* Begin PBXFrameworksBuildPhase section */
		D3A3C8D11B477E7F002563DD /* Frameworks */ = {
			isa = PBXFrameworksBuildPhase;
			buildActionMask = 2147483647;
			files = (
			);
			runOnlyForDeploymentPostprocessing = 0;
		};
		D3A3C8E61B477E7F002563DD /* Frameworks */ = {
			isa = PBXFrameworksBuildPhase;
			buildActionMask = 2147483647;
			files = (
			);
			runOnlyForDeploymentPostprocessing = 0;
		};
/* End PBXFrameworksBuildPhase section */

/* Begin PBXGroup section */
		D3A3C8CB1B477E7F002563DD = {
			isa = PBXGroup;
			children = (
				D3A3C8D61B477E7F002563DD /* ttl */,
				D3A3C8EC1B477E7F002563DD /* ttlTests */,
				D3A3C8D51B477E7F002563DD /* Products */,
			);
			sourceTree = "<group>";
		};
		D3A3C8D51B477E7F002563DD /* Products */ = {
			isa = PBXGroup;
			children = (
				D3A3C8D41B477E7F002563DD /* ttl.app */,
				D3A3C8E91B477E7F002563DD /* ttlTests.xctest */,
			);
			name = Products;
			sourceTree = "<group>";
		};
		D3A3C8D61B477E7F002563DD /* ttl */ = {
			isa = PBXGroup;
			children = (
				D3A3C8D91B477E7F002563DD /* AppDelegate.swift */,
				D3A3C8DB1B477E7F002563DD /* ViewController.swift */,
				D3A3C8DD1B477E7F002563DD /* Main.storyboard */,
				D3A3C8E01B477E7F002563DD /* Images.xcassets */,
				D3A3C8E21B477E7F002563DD /* LaunchScreen.xib */,
				D3A3C8D71B477E7F002563DD /* Supporting Files */,
			);
			path = ttl;
			sourceTree = "<group>";
		};
		D3A3C8D71B477E7F002563DD /* Supporting Files */ = {
			isa = PBXGroup;
			children = (
				D3A3C8D81B477E7F002563DD /* Info.plist */,
			);
			name = "Supporting Files";
			sourceTree = "<group>";
		};
		D3A3C8EC1B477E7F002563DD /* ttlTests */ = {
			isa = PBXGroup;
			children = (
				D3A3C8EF1B477E7F002563DD /* ttlTests.swift */,
				D3A3C8ED1B477E7F002563DD /* Supporting Files */,
			);
			path = ttlTests;
			sourceTree = "<group>";
		};
		D3A3C8ED1B477E7F002563DD /* Supporting Files */ = {
			isa = PBXGroup;
			children = (
				D3A3C8EE1B477E7F002563DD /* Info.plist */,
			);
			name = "Supporting Files";
			sourceTree = "<group>";
		};
/* End PBXGroup section */

/* Begin PBXNativeTarget section */
		D3A3C8D31B477E7F002563DD /* ttl */ = {
			isa = PBXNativeTarget;
			buildConfigurationList = D3A3C8F31B477E7F002563DD /* Build configuration list for PBXNativeTarget "ttl" */;
			buildPhases = (
				D3A3C8D01B477E7F002563DD /* Sources */,
				D3A3C8D11B477E7F002563DD /* Frameworks */,
				D3A3C8D21B477E7F002563DD /* Resources */,
			);
			buildRules = (
			);
			dependencies = (
			);
			name = ttl;
			productName = ttl;
			productReference = D3A3C8D41B477E7F002563DD /* ttl.app */;
			productType = "com.apple.product-type.application";
		};
		D3A3C8E81B477E7F002563DD /* ttlTests */ = {
			isa = PBXNativeTarget;
			buildConfigurationList = D3A3C8F61B477E7F002563DD /* Build configuration list for PBXNativeTarget "ttlTests" */;
			buildPhases = (
				D3A3C8E51B477E7F002563DD /* Sources */,
				D3A3C8E61B477E7F002563DD /* Frameworks */,
				D3A3C8E71B477E7F002563DD /* Resources */,
			);
			buildRules = (
			);
			dependencies = (
				D3A3C8EB1B477E7F002563DD /* PBXTargetDependency */,
			);
			name = ttlTests;
			productName = ttlTests;
			productReference = D3A3C8E91B477E7F002563DD /* ttlTests.xctest */;
			productType = "com.apple.product-type.bundle.unit-test";
		};
/* End PBXNativeTarget section */

/* Begin PBXProject section */
		D3A3C8CC1B477E7F002563DD /* Project object */ = {
			isa = PBXProject;
			attributes = {
				LastUpgradeCheck = 0640;
				ORGANIZATIONNAME = "Greg McNutt";
				TargetAttributes = {
					D3A3C8D31B477E7F002563DD = {
						CreatedOnToolsVersion = 6.4;
					};
					D3A3C8E81B477E7F002563DD = {
						CreatedOnToolsVersion = 6.4;
						TestTargetID = D3A3C8D31B477E7F002563DD;
					};
				};
			};
			buildConfigurationList = D3A3C8CF1B477E7F002563DD /* Build configuration list for PBXProject "ttl" */;
			compatibilityVersion = "Xcode 3.2";
			developmentRegion = English;
			hasScannedForEncodings = 0;
			knownRegions = (
				en,
				Base,
			);
			mainGroup = D3A3C8CB1B477E7F002563DD;
			productRefGroup = D3A3C8D51B477E7F002563DD /* Products */;
			projectDirPath = "";
			projectRoot = "";
			targets = (
				D3A3C8D31B477E7F002563DD /* ttl */,
				D3A3C8E81B477E7F002563DD /* ttlTests */,
			);
		};
/* End PBXProject section */

/* Begin PBXResourcesBuildPhase section */
		D3A3C8D21B477E7F002563DD /* Resources */ = {
			isa = PBXResourcesBuildPhase;
			buildActionMask = 2147483647;
			files = (
				D3A3C8DF1B477E7F002563DD /* Main.storyboard in Resources */,
				D3A3C8E41B477E7F002563DD /* LaunchScreen.xib in Resources */,
				D3A3C8E11B477E7F002563DD /* Images.xcassets in Resources */,
			);
			runOnlyForDeploymentPostprocessing = 0;
		};
		D3A3C8E71B477E7F002563DD /* Resources */ = {
			isa = PBXResourcesBuildPhase;
			buildActionMask = 2147483647;
			files = (
			);
			runOnlyForDeploymentPostprocessing = 0;
		};
/* End PBXResourcesBuildPhase section */

/* Begin PBXSourcesBuildPhase section */
		D3A3C8D01B477E7F002563DD /* Sources */ = {
			isa = PBXSourcesBuildPhase;
			buildActionMask = 2147483647;
			files = (
				D3A3C8DC1B477E7F002563DD /* ViewController.swift in Sources */,
				D3A3C8DA1B477E7F002563DD /* AppDelegate.swift in Sources */,
			);
			runOnlyForDeploymentPostprocessing = 0;
		};
		D3A3C8E51B477E7F002563DD /* Sources */ = {
			isa = PBXSourcesBuildPhase;
			buildActionMask = 2147483647;
			files = (
				D3A3C8F01B477E7F002563DD /* ttlTests.swift in Sources */,
			);
			runOnlyForDeploymentPostprocessing = 0;
		};
/* End PBXSourcesBuildPhase section */

/* Begin PBXTargetDependency section */
		D3A3C8EB1B477E7F002563DD /* PBXTargetDependency */ = {
			isa = PBXTargetDependency;
			target = D3A3C8D31B477E7F002563DD /* ttl */;
			targetProxy = D3A3C8EA1B477E7F002563DD /* PBXContainerItemProxy */;
		};
/* End PBXTargetDependency section */

/* Begin PBXVariantGroup section */
		D3A3C8DD1B477E7F002563DD /* Main.storyboard */ = {
			isa = PBXVariantGroup;
			children = (
				D3A3C8DE1B477E7F002563DD /* Base */,
			);
			name = Main.storyboard;
			sourceTree = "<group>";
		};
		D3A3C8E21B477E7F002563DD /* LaunchScreen.xib */ = {
			isa = PBXVariantGroup;
			children = (
				D3A3C8E31B477E7F002563DD /* Base */,
			);
			name = LaunchScreen.xib;
			sourceTree = "<group>";
		};
/* End PBXVariantGroup section */

/* Begin XCBuildConfiguration section */
		D3A3C8F11B477E7F002563DD /* Debug */ = {
			isa = XCBuildConfiguration;
			buildSettings = {
				ALWAYS_SEARCH_USER_PATHS = NO;
				CLANG_CXX_LANGUAGE_STANDARD = "gnu++0x";
				CLANG_CXX_LIBRARY = "libc++";
				CLANG_ENABLE_MODULES = YES;
				CLANG_ENABLE_OBJC_ARC = YES;
				CLANG_WARN_BOOL_CONVERSION = YES;
				CLANG_WARN_CONSTANT_CONVERSION = YES;
				CLANG_WARN_DIRECT_OBJC_ISA_USAGE = YES_ERROR;
				CLANG_WARN_EMPTY_BODY = YES;
				CLANG_WARN_ENUM_CONVERSION = YES;
				CLANG_WARN_INT_CONVERSION = YES;
				CLANG_WARN_OBJC_ROOT_CLASS = YES_ERROR;
				CLANG_WARN_UNREACHABLE_CODE = YES;
				CLANG_WARN__DUPLICATE_METHOD_MATCH = YES;
				"CODE_SIGN_IDENTITY[sdk=iphoneos*]" = "iPhone Developer";
				COPY_PHASE_STRIP = NO;
				DEBUG_INFORMATION_FORMAT = "dwarf-with-dsym";
				ENABLE_STRICT_OBJC_MSGSEND = YES;
				GCC_C_LANGUAGE_STANDARD = gnu99;
				GCC_DYNAMIC_NO_PIC = NO;
				GCC_NO_COMMON_BLOCKS = YES;
				GCC_OPTIMIZATION_LEVEL = 0;
				GCC_PREPROCESSOR_DEFINITIONS = (
					"DEBUG=1",
					"$(inherited)",
				);
				GCC_SYMBOLS_PRIVATE_EXTERN = NO;
				GCC_WARN_64_TO_32_BIT_CONVERSION = YES;
				GCC_WARN_ABOUT_RETURN_TYPE = YES_ERROR;
				GCC_WARN_UNDECLARED_SELECTOR = YES;
				GCC_WARN_UNINITIALIZED_AUTOS = YES_AGGRESSIVE;
				GCC_WARN_UNUSED_FUNCTION = YES;
				GCC_WARN_UNUSED_VARIABLE = YES;
				IPHONEOS_DEPLOYMENT_TARGET = 8.4;
				MTL_ENABLE_DEBUG_INFO = YES;
				ONLY_ACTIVE_ARCH = YES;
				SDKROOT = iphoneos;
				SWIFT_OPTIMIZATION_LEVEL = "-Onone";
				TARGETED_DEVICE_FAMILY = "1,2";
			};
			name = Debug;
		};
		D3A3C8F21B477E7F002563DD /* Release */ = {
			isa = XCBuildConfiguration;
			buildSettings = {
				ALWAYS_SEARCH_USER_PATHS = NO;
				CLANG_CXX_LANGUAGE_STANDARD = "gnu++0x";
				CLANG_CXX_LIBRARY = "libc++";
				CLANG_ENABLE_MODULES = YES;
				CLANG_ENABLE_OBJC_ARC = YES;
				CLANG_WARN_BOOL_CONVERSION = YES;
				CLANG_WARN_CONSTANT_CONVERSION = YES;
				CLANG_WARN_DIRECT_OBJC_ISA_USAGE = YES_ERROR;
				CLANG_WARN_EMPTY_BODY = YES;
				CLANG_WARN_ENUM_CONVERSION = YES;
				CLANG_WARN_INT_CONVERSION = YES;
				CLANG_WARN_OBJC_ROOT_CLASS = YES_ERROR;
				CLANG_WARN_UNREACHABLE_CODE = YES;
				CLANG_WARN__DUPLICATE_METHOD_MATCH = YES;
				"CODE_SIGN_IDENTITY[sdk=iphoneos*]" = "iPhone Developer";
				COPY_PHASE_STRIP = NO;
				DEBUG_INFORMATION_FORMAT = "dwarf-with-dsym";
				ENABLE_NS_ASSERTIONS = NO;
				ENABLE_STRICT_OBJC_MSGSEND = YES;
				GCC_C_LANGUAGE_STANDARD = gnu99;
				GCC_NO_COMMON_BLOCKS = YES;
				GCC_WARN_64_TO_32_BIT_CONVERSION = YES;
				GCC_WARN_ABOUT_RETURN_TYPE = YES_ERROR;
				GCC_WARN_UNDECLARED_SELECTOR = YES;
				GCC_WARN_UNINITIALIZED_AUTOS = YES_AGGRESSIVE;
				GCC_WARN_UNUSED_FUNCTION = YES;
				GCC_WARN_UNUSED_VARIABLE = YES;
				IPHONEOS_DEPLOYMENT_TARGET = 8.4;
				MTL_ENABLE_DEBUG_INFO = NO;
				SDKROOT = iphoneos;
				TARGETED_DEVICE_FAMILY = "1,2";
				VALIDATE_PRODUCT = YES;
			};
			name = Release;
		};
		D3A3C8F41B477E7F002563DD /* Debug */ = {
			isa = XCBuildConfiguration;
			buildSettings = {
				ASSETCATALOG_COMPILER_APPICON_NAME = AppIcon;
				INFOPLIST_FILE = ttl/Info.plist;
				LD_RUNPATH_SEARCH_PATHS = "$(inherited) @executable_path/Frameworks";
				PRODUCT_NAME = "$(TARGET_NAME)";
			};
			name = Debug;
		};
		D3A3C8F51B477E7F002563DD /* Release */ = {
			isa = XCBuildConfiguration;
			buildSettings = {
				ASSETCATALOG_COMPILER_APPICON_NAME = AppIcon;
				INFOPLIST_FILE = ttl/Info.plist;
				LD_RUNPATH_SEARCH_PATHS = "$(inherited) @executable_path/Frameworks";
				PRODUCT_NAME = "$(TARGET_NAME)";
			};
			name = Release;
		};
		D3A3C8F71B477E7F002563DD /* Debug */ = {
			isa = XCBuildConfiguration;
			buildSettings = {
				BUNDLE_LOADER = "$(TEST_HOST)";
				FRAMEWORK_SEARCH_PATHS = (
					"$(SDKROOT)/Developer/Library/Frameworks",
					"$(inherited)",
				);
				GCC_PREPROCESSOR_DEFINITIONS = (
					"DEBUG=1",
					"$(inherited)",
				);
				INFOPLIST_FILE = ttlTests/Info.plist;
				LD_RUNPATH_SEARCH_PATHS = "$(inherited) @executable_path/Frameworks @loader_path/Frameworks";
				PRODUCT_NAME = "$(TARGET_NAME)";
				TEST_HOST = "$(BUILT_PRODUCTS_DIR)/ttl.app/ttl";
			};
			name = Debug;
		};
		D3A3C8F81B477E7F002563DD /* Release */ = {
			isa = XCBuildConfiguration;
			buildSettings = {
				BUNDLE_LOADER = "$(TEST_HOST)";
				FRAMEWORK_SEARCH_PATHS = (
					"$(SDKROOT)/Developer/Library/Frameworks",
					"$(inherited)",
				);
				INFOPLIST_FILE = ttlTests/Info.plist;
				LD_RUNPATH_SEARCH_PATHS = "$(inherited) @executable_path/Frameworks @loader_path/Frameworks";
				PRODUCT_NAME = "$(TARGET_NAME)";
				TEST_HOST = "$(BUILT_PRODUCTS_DIR)/ttl.app/ttl";
			};
			name = Release;
		};
/* End XCBuildConfiguration section */

/* Begin XCConfigurationList section */
		D3A3C8CF1B477E7F002563DD /* Build configuration list for PBXProject "ttl" */ = {
			isa = XCConfigurationList;
			buildConfigurations = (
				D3A3C8F11B477E7F002563DD /* Debug */,
				D3A3C8F21B477E7F002563DD /* Release */,
			);
			defaultConfigurationIsVisible = 0;
			defaultConfigurationName = Release;
		};
		D3A3C8F31B477E7F002563DD /* Build configuration list for PBXNativeTarget "ttl" */ = {
			isa = XCConfigurationList;
			buildConfigurations = (
				D3A3C8F41B477E7F002563DD /* Debug */,
				D3A3C8F51B477E7F002563DD /* Release */,
			);
			defaultConfigurationIsVisible = 0;
		};
		D3A3C8F61B477E7F002563DD /* Build configuration list for PBXNativeTarget "ttlTests" */ = {
			isa = XCConfigurationList;
			buildConfigurations = (
				D3A3C8F71B477E7F002563DD /* Debug */,
				D3A3C8F81B477E7F002563DD /* Release */,
			);
			defaultConfigurationIsVisible = 0;
		};
/* End XCConfigurationList section */
	};
	rootObject = D3A3C8CC1B477E7F002563DD /* Project object */;
}
